{
  "name": "template",
  "version": "1.0.0",
  "lockfileVersion": 1,
  "requires": true,
  "dependencies": {
    "listerjs": {
      "version": "0.0.2",
      "resolved": "https://registry.npmjs.org/listerjs/-/listerjs-0.0.2.tgz",
      "integrity": "sha512-QUP5X78WhQxHRw15D0flMwiQueAYOfcpTd4OzrHBAsDXN7eJHQg1lhIbdUeycUPWuduMWP9HNM/Dkuv50f7B6Q=="
    }
  }
}
